
Microsoft Visual Studio Solution File, Format Version 12.00
# Visual Studio Version 16
VisualStudioVersion = 16.6.30114.105
MinimumVisualStudioVersion = 10.0.40219.1
Project("{9A19103F-16F7-4668-BE54-9A1E7A4F7556}") = "Doppler.EasyNetQ.HosepipeWorker", "Doppler.EasyNetQ.HosepipeWorker\Doppler.EasyNetQ.HosepipeWorker.csproj", "{6973E384-BDD7-4895-9693-AAE54EF84AA6}"
EndProject
Project("{9A19103F-16F7-4668-BE54-9A1E7A4F7556}") = "Doppler.EasyNetQ.HosepipeWorker.Test", "Doppler.EasyNetQ.HosepipeWorker.Test\Doppler.EasyNetQ.HosepipeWorker.Test.csproj", "{B73BD642-5043-49D5-B17C-D47F41E127BB}"
EndProject
Project("{2150E333-8FDC-42A3-9474-1A3956D46DE8}") = "Solution Items", "Solution Items", "{6FEF0A57-1EC9-4702-A93E-31ACEEA933DE}"
	ProjectSection(SolutionItems) = preProject
		.dockerignore = .dockerignore
		.doppler-ci = .doppler-ci
		.editorconfig = .editorconfig
		.gitignore = .gitignore
		Dockerfile = Dockerfile
		.config\dotnet-tools.json = .config\dotnet-tools.json
		Jenkinsfile = Jenkinsfile
		README.md = README.md
	EndProjectSection
EndProject
Global
	GlobalSection(SolutionConfigurationPlatforms) = preSolution
		Debug|Any CPU = Debug|Any CPU
		Debug|x64 = Debug|x64
		Debug|x86 = Debug|x86
		Release|Any CPU = Release|Any CPU
		Release|x64 = Release|x64
		Release|x86 = Release|x86
	EndGlobalSection
	GlobalSection(ProjectConfigurationPlatforms) = postSolution
		{6973E384-BDD7-4895-9693-AAE54EF84AA6}.Debug|Any CPU.ActiveCfg = Debug|Any CPU
		{6973E384-BDD7-4895-9693-AAE54EF84AA6}.Debug|Any CPU.Build.0 = Debug|Any CPU
		{6973E384-BDD7-4895-9693-AAE54EF84AA6}.Debug|x64.ActiveCfg = Debug|Any CPU
		{6973E384-BDD7-4895-9693-AAE54EF84AA6}.Debug|x64.Build.0 = Debug|Any CPU
		{6973E384-BDD7-4895-9693-AAE54EF84AA6}.Debug|x86.ActiveCfg = Debug|Any CPU
		{6973E384-BDD7-4895-9693-AAE54EF84AA6}.Debug|x86.Build.0 = Debug|Any CPU
		{6973E384-BDD7-4895-9693-AAE54EF84AA6}.Release|Any CPU.ActiveCfg = Release|Any CPU
		{6973E384-BDD7-4895-9693-AAE54EF84AA6}.Release|Any CPU.Build.0 = Release|Any CPU
		{6973E384-BDD7-4895-9693-AAE54EF84AA6}.Release|x64.ActiveCfg = Release|Any CPU
		{6973E384-BDD7-4895-9693-AAE54EF84AA6}.Release|x64.Build.0 = Release|Any CPU
		{6973E384-BDD7-4895-9693-AAE54EF84AA6}.Release|x86.ActiveCfg = Release|Any CPU
		{6973E384-BDD7-4895-9693-AAE54EF84AA6}.Release|x86.Build.0 = Release|Any CPU
		{B73BD642-5043-49D5-B17C-D47F41E127BB}.Debug|Any CPU.ActiveCfg = Debug|Any CPU
		{B73BD642-5043-49D5-B17C-D47F41E127BB}.Debug|Any CPU.Build.0 = Debug|Any CPU
		{B73BD642-5043-49D5-B17C-D47F41E127BB}.Debug|x64.ActiveCfg = Debug|Any CPU
		{B73BD642-5043-49D5-B17C-D47F41E127BB}.Debug|x64.Build.0 = Debug|Any CPU
		{B73BD642-5043-49D5-B17C-D47F41E127BB}.Debug|x86.ActiveCfg = Debug|Any CPU
		{B73BD642-5043-49D5-B17C-D47F41E127BB}.Debug|x86.Build.0 = Debug|Any CPU
		{B73BD642-5043-49D5-B17C-D47F41E127BB}.Release|Any CPU.ActiveCfg = Release|Any CPU
		{B73BD642-5043-49D5-B17C-D47F41E127BB}.Release|Any CPU.Build.0 = Release|Any CPU
		{B73BD642-5043-49D5-B17C-D47F41E127BB}.Release|x64.ActiveCfg = Release|Any CPU
		{B73BD642-5043-49D5-B17C-D47F41E127BB}.Release|x64.Build.0 = Release|Any CPU
		{B73BD642-5043-49D5-B17C-D47F41E127BB}.Release|x86.ActiveCfg = Release|Any CPU
		{B73BD642-5043-49D5-B17C-D47F41E127BB}.Release|x86.Build.0 = Release|Any CPU
	EndGlobalSection
	GlobalSection(SolutionProperties) = preSolution
		HideSolutionNode = FALSE
	EndGlobalSection
	GlobalSection(ExtensibilityGlobals) = postSolution
		SolutionGuid = {96C33060-98FE-440E-80F0-37EF37779780}
	EndGlobalSection
EndGlobal
